
Microsoft Visual Studio Solution File, Format Version 12.00
# Visual Studio Version 17
VisualStudioVersion = 17.5.33414.496
MinimumVisualStudioVersion = 10.0.40219.1
Project("{FAE04EC0-301F-11D3-BF4B-00C04F79EFBC}") = "Lesson2", "Lesson2\Lesson2.csproj", "{046B9B99-FBD4-4013-9500-92B418041E57}"
EndProject
Project("{FAE04EC0-301F-11D3-BF4B-00C04F79EFBC}") = "Lesson3", "Lesson3\Lesson3.csproj", "{7057FBB5-454A-4090-81F5-DD454A53E20D}"
EndProject
Global
	GlobalSection(SolutionConfigurationPlatforms) = preSolution
		Debug|Any CPU = Debug|Any CPU
		Release|Any CPU = Release|Any CPU
	EndGlobalSection
	GlobalSection(ProjectConfigurationPlatforms) = postSolution
		{046B9B99-FBD4-4013-9500-92B418041E57}.Debug|Any CPU.ActiveCfg = Debug|Any CPU
		{046B9B99-FBD4-4013-9500-92B418041E57}.Debug|Any CPU.Build.0 = Debug|Any CPU
		{046B9B99-FBD4-4013-9500-92B418041E57}.Release|Any CPU.ActiveCfg = Release|Any CPU
		{046B9B99-FBD4-4013-9500-92B418041E57}.Release|Any CPU.Build.0 = Release|Any CPU
		{7057FBB5-454A-4090-81F5-DD454A53E20D}.Debug|Any CPU.ActiveCfg = Debug|Any CPU
		{7057FBB5-454A-4090-81F5-DD454A53E20D}.Debug|Any CPU.Build.0 = Debug|Any CPU
		{7057FBB5-454A-4090-81F5-DD454A53E20D}.Release|Any CPU.ActiveCfg = Release|Any CPU
		{7057FBB5-454A-4090-81F5-DD454A53E20D}.Release|Any CPU.Build.0 = Release|Any CPU
	EndGlobalSection
	GlobalSection(SolutionProperties) = preSolution
		HideSolutionNode = FALSE
	EndGlobalSection
	GlobalSection(ExtensibilityGlobals) = postSolution
		SolutionGuid = {C26D0FCF-9185-43F3-AF63-E0F6077E5088}
	EndGlobalSection
EndGlobal
